{
    "_readme": [
        "This file locks the dependencies of your project to a known state",
        "Read more about it at http://getcomposer.org/doc/01-basic-usage.md#composer-lock-the-lock-file",
        "This file is @generated automatically"
    ],
    "hash": "61c41274191bffafd59b14809c749931",
    "packages": [
        {
            "name": "philwc/jsondb",
            "version": "dev-master",
            "source": {
                "type": "git",
                "url": "https://github.com/philwc/JsonDB.git",
                "reference": "0567d2f0eefd76a84cc03eab9171f2010336005e"
            },
            "dist": {
                "type": "zip",
                "url": "https://api.github.com/repos/philwc/JsonDB/zipball/0567d2f0eefd76a84cc03eab9171f2010336005e",
                "reference": "0567d2f0eefd76a84cc03eab9171f2010336005e",
                "shasum": ""
            },
            "type": "library",
            "autoload": {
                "psr-4": {
                    "philwc\\": "src/"
                }
            },
            "notification-url": "https://packagist.org/downloads/",
            "license": [
                "MIT"
            ],
            "authors": [
                {
                    "name": "Phil Wright- Christie",
                    "email": "philwc@gmail.com",
                    "role": "Developer"
                }
            ],
            "description": "Database using json",
            "homepage": "https://github.com/philwc/JsonDB",
            "keywords": [
                "database",
                "db",
                "json"
            ],
            "time": "2014-07-28 07:32:27"
        }
    ],
    "packages-dev": [],
    "aliases": [],
    "minimum-stability": "stable",
    "stability-flags": {
        "philwc/jsondb": 20
    },
    "prefer-stable": false,
    "prefer-lowest": false,
    "platform": [],
    "platform-dev": []
}
